// !$*UTF8*$!
{
	archiveVersion = 1;
	classes = {
	};
	objectVersion = 48;
	objects = {

/* Begin PBXBuildFile section */
		822C99AB1D3C715384C043C4 /* Pods_ios_test_interactive_world_1.framework in Frameworks */ = {isa = PBXBuildFile; fileRef = 54556A78F862D0192F75F278 /* Pods_ios_test_interactive_world_1.framework */; };
		DE0E35F4205A90E400899822 /* Map.swift in Sources */ = {isa = PBXBuildFile; fileRef = DE0E35F3205A90E400899822 /* Map.swift */; };
		DE0E35F6205A912E00899822 /* Tile.swift in Sources */ = {isa = PBXBuildFile; fileRef = DE0E35F5205A912E00899822 /* Tile.swift */; };
		DE0E35F8205A913D00899822 /* NodeHelpers.swift in Sources */ = {isa = PBXBuildFile; fileRef = DE0E35F7205A913D00899822 /* NodeHelpers.swift */; };
		DE0E35FB205A919700899822 /* art.scnassets in Resources */ = {isa = PBXBuildFile; fileRef = DE0E35FA205A919700899822 /* art.scnassets */; };
		DE0E35FD205A926E00899822 /* Harness.swift in Sources */ = {isa = PBXBuildFile; fileRef = DE0E35FC205A926E00899822 /* Harness.swift */; };
		DE0E35FF205A92A200899822 /* Avatar.swift in Sources */ = {isa = PBXBuildFile; fileRef = DE0E35FE205A92A200899822 /* Avatar.swift */; };
		DE0E3601205A95E100899822 /* GestureInterface.swift in Sources */ = {isa = PBXBuildFile; fileRef = DE0E3600205A95E000899822 /* GestureInterface.swift */; };
		DE0E3604205A95F400899822 /* Notifications.swift in Sources */ = {isa = PBXBuildFile; fileRef = DE0E3603205A95F400899822 /* Notifications.swift */; };
		DE0E3606205A960600899822 /* InputIntent.swift in Sources */ = {isa = PBXBuildFile; fileRef = DE0E3605205A960600899822 /* InputIntent.swift */; };
		DE0E3609205A983400899822 /* Camera.swift in Sources */ = {isa = PBXBuildFile; fileRef = DE0E3608205A983400899822 /* Camera.swift */; };
		DE0E360B205A9BE400899822 /* Closures.swift in Sources */ = {isa = PBXBuildFile; fileRef = DE0E360A205A9BE400899822 /* Closures.swift */; };
		DE4ADCA6205A8A47006CA678 /* AppDelegate.swift in Sources */ = {isa = PBXBuildFile; fileRef = DE4ADCA5205A8A47006CA678 /* AppDelegate.swift */; };
		DE4ADCAD205A8A47006CA678 /* Assets.xcassets in Resources */ = {isa = PBXBuildFile; fileRef = DE4ADCAC205A8A47006CA678 /* Assets.xcassets */; };
		DE4ADCB0205A8A47006CA678 /* LaunchScreen.storyboard in Resources */ = {isa = PBXBuildFile; fileRef = DE4ADCAE205A8A47006CA678 /* LaunchScreen.storyboard */; };
		DE4ADCBA205A8A97006CA678 /* MainViewController.swift in Sources */ = {isa = PBXBuildFile; fileRef = DE4ADCB8205A8A97006CA678 /* MainViewController.swift */; };
		DE4ADCBB205A8A97006CA678 /* MainViewController.xib in Resources */ = {isa = PBXBuildFile; fileRef = DE4ADCB9205A8A97006CA678 /* MainViewController.xib */; };
/* End PBXBuildFile section */

/* Begin PBXFileReference section */
		1C7F34EEC75B516D505D4E52 /* Pods-ios-test-interactive-world-1.debug.xcconfig */ = {isa = PBXFileReference; includeInIndex = 1; lastKnownFileType = text.xcconfig; name = "Pods-ios-test-interactive-world-1.debug.xcconfig"; path = "Pods/Target Support Files/Pods-ios-test-interactive-world-1/Pods-ios-test-interactive-world-1.debug.xcconfig"; sourceTree = "<group>"; };
		54556A78F862D0192F75F278 /* Pods_ios_test_interactive_world_1.framework */ = {isa = PBXFileReference; explicitFileType = wrapper.framework; includeInIndex = 0; path = Pods_ios_test_interactive_world_1.framework; sourceTree = BUILT_PRODUCTS_DIR; };
		D709F3F6A60BC570E0924B14 /* Pods-ios-test-interactive-world-1.release.xcconfig */ = {isa = PBXFileReference; includeInIndex = 1; lastKnownFileType = text.xcconfig; name = "Pods-ios-test-interactive-world-1.release.xcconfig"; path = "Pods/Target Support Files/Pods-ios-test-interactive-world-1/Pods-ios-test-interactive-world-1.release.xcconfig"; sourceTree = "<group>"; };
		DE0E35F3205A90E400899822 /* Map.swift */ = {isa = PBXFileReference; fileEncoding = 4; lastKnownFileType = sourcecode.swift; path = Map.swift; sourceTree = "<group>"; };
		DE0E35F5205A912E00899822 /* Tile.swift */ = {isa = PBXFileReference; fileEncoding = 4; lastKnownFileType = sourcecode.swift; path = Tile.swift; sourceTree = "<group>"; };
		DE0E35F7205A913D00899822 /* NodeHelpers.swift */ = {isa = PBXFileReference; fileEncoding = 4; lastKnownFileType = sourcecode.swift; path = NodeHelpers.swift; sourceTree = "<group>"; };
		DE0E35FA205A919700899822 /* art.scnassets */ = {isa = PBXFileReference; lastKnownFileType = wrapper.scnassets; path = art.scnassets; sourceTree = "<group>"; };
		DE0E35FC205A926E00899822 /* Harness.swift */ = {isa = PBXFileReference; fileEncoding = 4; lastKnownFileType = sourcecode.swift; path = Harness.swift; sourceTree = "<group>"; };
		DE0E35FE205A92A200899822 /* Avatar.swift */ = {isa = PBXFileReference; fileEncoding = 4; lastKnownFileType = sourcecode.swift; path = Avatar.swift; sourceTree = "<group>"; };
		DE0E3600205A95E000899822 /* GestureInterface.swift */ = {isa = PBXFileReference; fileEncoding = 4; lastKnownFileType = sourcecode.swift; path = GestureInterface.swift; sourceTree = "<group>"; };
		DE0E3603205A95F400899822 /* Notifications.swift */ = {isa = PBXFileReference; fileEncoding = 4; lastKnownFileType = sourcecode.swift; path = Notifications.swift; sourceTree = "<group>"; };
		DE0E3605205A960600899822 /* InputIntent.swift */ = {isa = PBXFileReference; fileEncoding = 4; lastKnownFileType = sourcecode.swift; path = InputIntent.swift; sourceTree = "<group>"; };
		DE0E3608205A983400899822 /* Camera.swift */ = {isa = PBXFileReference; lastKnownFileType = sourcecode.swift; path = Camera.swift; sourceTree = "<group>"; };
		DE0E360A205A9BE400899822 /* Closures.swift */ = {isa = PBXFileReference; fileEncoding = 4; lastKnownFileType = sourcecode.swift; path = Closures.swift; sourceTree = "<group>"; };
		DE4ADCA2205A8A47006CA678 /* ios-test-interactive-world-1.app */ = {isa = PBXFileReference; explicitFileType = wrapper.application; includeInIndex = 0; path = "ios-test-interactive-world-1.app"; sourceTree = BUILT_PRODUCTS_DIR; };
		DE4ADCA5205A8A47006CA678 /* AppDelegate.swift */ = {isa = PBXFileReference; lastKnownFileType = sourcecode.swift; path = AppDelegate.swift; sourceTree = "<group>"; };
		DE4ADCAC205A8A47006CA678 /* Assets.xcassets */ = {isa = PBXFileReference; lastKnownFileType = folder.assetcatalog; path = Assets.xcassets; sourceTree = "<group>"; };
		DE4ADCAF205A8A47006CA678 /* Base */ = {isa = PBXFileReference; lastKnownFileType = file.storyboard; name = Base; path = Base.lproj/LaunchScreen.storyboard; sourceTree = "<group>"; };
		DE4ADCB1205A8A47006CA678 /* Info.plist */ = {isa = PBXFileReference; lastKnownFileType = text.plist.xml; path = Info.plist; sourceTree = "<group>"; };
		DE4ADCB8205A8A97006CA678 /* MainViewController.swift */ = {isa = PBXFileReference; lastKnownFileType = sourcecode.swift; path = MainViewController.swift; sourceTree = "<group>"; };
		DE4ADCB9205A8A97006CA678 /* MainViewController.xib */ = {isa = PBXFileReference; lastKnownFileType = file.xib; path = MainViewController.xib; sourceTree = "<group>"; };
/* End PBXFileReference section */

/* Begin PBXFrameworksBuildPhase section */
		DE4ADC9F205A8A47006CA678 /* Frameworks */ = {
			isa = PBXFrameworksBuildPhase;
			buildActionMask = 2147483647;
			files = (
				822C99AB1D3C715384C043C4 /* Pods_ios_test_interactive_world_1.framework in Frameworks */,
			);
			runOnlyForDeploymentPostprocessing = 0;
		};
/* End PBXFrameworksBuildPhase section */

/* Begin PBXGroup section */
		309CCB88B9C1270CB83A6F4D /* Pods */ = {
			isa = PBXGroup;
			children = (
				1C7F34EEC75B516D505D4E52 /* Pods-ios-test-interactive-world-1.debug.xcconfig */,
				D709F3F6A60BC570E0924B14 /* Pods-ios-test-interactive-world-1.release.xcconfig */,
			);
			name = Pods;
			sourceTree = "<group>";
		};
		CC7880D1A7DC55451F8EF7F4 /* Frameworks */ = {
			isa = PBXGroup;
			children = (
				54556A78F862D0192F75F278 /* Pods_ios_test_interactive_world_1.framework */,
			);
			name = Frameworks;
			sourceTree = "<group>";
		};
		DE0E35EE205A8F4F00899822 /* Map */ = {
			isa = PBXGroup;
			children = (
				DE0E35F3205A90E400899822 /* Map.swift */,
				DE0E35F5205A912E00899822 /* Tile.swift */,
			);
			path = Map;
			sourceTree = "<group>";
		};
		DE0E35EF205A8F5D00899822 /* Harness */ = {
			isa = PBXGroup;
			children = (
				DE0E35FC205A926E00899822 /* Harness.swift */,
			);
			path = Harness;
			sourceTree = "<group>";
		};
		DE0E35F0205A8F6700899822 /* Interface */ = {
			isa = PBXGroup;
			children = (
				DE0E3600205A95E000899822 /* GestureInterface.swift */,
			);
			path = Interface;
			sourceTree = "<group>";
		};
		DE0E35F1205A8F7A00899822 /* Intent */ = {
			isa = PBXGroup;
			children = (
				DE0E3605205A960600899822 /* InputIntent.swift */,
			);
			path = Intent;
			sourceTree = "<group>";
		};
		DE0E35F2205A8F9100899822 /* Avatar */ = {
			isa = PBXGroup;
			children = (
				DE0E35FE205A92A200899822 /* Avatar.swift */,
			);
			path = Avatar;
			sourceTree = "<group>";
		};
		DE0E35F9205A914600899822 /* Helpers */ = {
			isa = PBXGroup;
			children = (
				DE0E35F7205A913D00899822 /* NodeHelpers.swift */,
			);
			path = Helpers;
			sourceTree = "<group>";
		};
		DE0E3602205A95ED00899822 /* Constants */ = {
			isa = PBXGroup;
			children = (
				DE0E3603205A95F400899822 /* Notifications.swift */,
				DE0E360A205A9BE400899822 /* Closures.swift */,
			);
			path = Constants;
			sourceTree = "<group>";
		};
		DE0E3607205A97DA00899822 /* Camera */ = {
			isa = PBXGroup;
			children = (
				DE0E3608205A983400899822 /* Camera.swift */,
			);
			path = Camera;
			sourceTree = "<group>";
		};
		DE4ADC99205A8A47006CA678 = {
			isa = PBXGroup;
			children = (
				DE4ADCA4205A8A47006CA678 /* ios-test-interactive-world-1 */,
				DE4ADCA3205A8A47006CA678 /* Products */,
				309CCB88B9C1270CB83A6F4D /* Pods */,
				CC7880D1A7DC55451F8EF7F4 /* Frameworks */,
			);
			sourceTree = "<group>";
		};
		DE4ADCA3205A8A47006CA678 /* Products */ = {
			isa = PBXGroup;
			children = (
				DE4ADCA2205A8A47006CA678 /* ios-test-interactive-world-1.app */,
			);
			name = Products;
			sourceTree = "<group>";
		};
		DE4ADCA4205A8A47006CA678 /* ios-test-interactive-world-1 */ = {
			isa = PBXGroup;
			children = (
				DE0E3607205A97DA00899822 /* Camera */,
				DE0E3602205A95ED00899822 /* Constants */,
				DE0E35F9205A914600899822 /* Helpers */,
				DE0E35F2205A8F9100899822 /* Avatar */,
				DE0E35F1205A8F7A00899822 /* Intent */,
				DE0E35F0205A8F6700899822 /* Interface */,
				DE0E35EF205A8F5D00899822 /* Harness */,
				DE0E35EE205A8F4F00899822 /* Map */,
				DE4ADCB7205A8A75006CA678 /* Main */,
				DE4ADCA5205A8A47006CA678 /* AppDelegate.swift */,
				DE0E35FA205A919700899822 /* art.scnassets */,
				DE4ADCAC205A8A47006CA678 /* Assets.xcassets */,
				DE4ADCAE205A8A47006CA678 /* LaunchScreen.storyboard */,
				DE4ADCB1205A8A47006CA678 /* Info.plist */,
			);
			path = "ios-test-interactive-world-1";
			sourceTree = "<group>";
		};
		DE4ADCB7205A8A75006CA678 /* Main */ = {
			isa = PBXGroup;
			children = (
				DE4ADCB8205A8A97006CA678 /* MainViewController.swift */,
				DE4ADCB9205A8A97006CA678 /* MainViewController.xib */,
			);
			path = Main;
			sourceTree = "<group>";
		};
/* End PBXGroup section */

/* Begin PBXNativeTarget section */
		DE4ADCA1205A8A47006CA678 /* ios-test-interactive-world-1 */ = {
			isa = PBXNativeTarget;
			buildConfigurationList = DE4ADCB4205A8A47006CA678 /* Build configuration list for PBXNativeTarget "ios-test-interactive-world-1" */;
			buildPhases = (
				13BB7F403D566AD12C9B4104 /* [CP] Check Pods Manifest.lock */,
				DE0E35ED205A8CDC00899822 /* Run SwiftLint */,
				DE4ADC9E205A8A47006CA678 /* Sources */,
				DE4ADC9F205A8A47006CA678 /* Frameworks */,
				DE4ADCA0205A8A47006CA678 /* Resources */,
				E7C3E677A41E08BC60EDD4CE /* [CP] Embed Pods Frameworks */,
				E6DBFEFF11F94F3D26E22EA4 /* [CP] Copy Pods Resources */,
			);
			buildRules = (
			);
			dependencies = (
			);
			name = "ios-test-interactive-world-1";
			productName = "ios-test-interactive-world-1";
			productReference = DE4ADCA2205A8A47006CA678 /* ios-test-interactive-world-1.app */;
			productType = "com.apple.product-type.application";
		};
/* End PBXNativeTarget section */

/* Begin PBXProject section */
		DE4ADC9A205A8A47006CA678 /* Project object */ = {
			isa = PBXProject;
			attributes = {
				LastSwiftUpdateCheck = 0920;
				LastUpgradeCheck = 0920;
				ORGANIZATIONNAME = "Louis Foster";
				TargetAttributes = {
					DE4ADCA1205A8A47006CA678 = {
						CreatedOnToolsVersion = 9.2;
						ProvisioningStyle = Automatic;
					};
				};
			};
			buildConfigurationList = DE4ADC9D205A8A47006CA678 /* Build configuration list for PBXProject "ios-test-interactive-world-1" */;
			compatibilityVersion = "Xcode 8.0";
			developmentRegion = en;
			hasScannedForEncodings = 0;
			knownRegions = (
				en,
				Base,
			);
			mainGroup = DE4ADC99205A8A47006CA678;
			productRefGroup = DE4ADCA3205A8A47006CA678 /* Products */;
			projectDirPath = "";
			projectRoot = "";
			targets = (
				DE4ADCA1205A8A47006CA678 /* ios-test-interactive-world-1 */,
			);
		};
/* End PBXProject section */

/* Begin PBXResourcesBuildPhase section */
		DE4ADCA0205A8A47006CA678 /* Resources */ = {
			isa = PBXResourcesBuildPhase;
			buildActionMask = 2147483647;
			files = (
				DE4ADCB0205A8A47006CA678 /* LaunchScreen.storyboard in Resources */,
				DE0E35FB205A919700899822 /* art.scnassets in Resources */,
				DE4ADCBB205A8A97006CA678 /* MainViewController.xib in Resources */,
				DE4ADCAD205A8A47006CA678 /* Assets.xcassets in Resources */,
			);
			runOnlyForDeploymentPostprocessing = 0;
		};
/* End PBXResourcesBuildPhase section */

/* Begin PBXShellScriptBuildPhase section */
		13BB7F403D566AD12C9B4104 /* [CP] Check Pods Manifest.lock */ = {
			isa = PBXShellScriptBuildPhase;
			buildActionMask = 2147483647;
			files = (
			);
			inputPaths = (
				"${PODS_PODFILE_DIR_PATH}/Podfile.lock",
				"${PODS_ROOT}/Manifest.lock",
			);
			name = "[CP] Check Pods Manifest.lock";
			outputPaths = (
				"$(DERIVED_FILE_DIR)/Pods-ios-test-interactive-world-1-checkManifestLockResult.txt",
			);
			runOnlyForDeploymentPostprocessing = 0;
			shellPath = /bin/sh;
			shellScript = "diff \"${PODS_PODFILE_DIR_PATH}/Podfile.lock\" \"${PODS_ROOT}/Manifest.lock\" > /dev/null\nif [ $? != 0 ] ; then\n    # print error to STDERR\n    echo \"error: The sandbox is not in sync with the Podfile.lock. Run 'pod install' or update your CocoaPods installation.\" >&2\n    exit 1\nfi\n# This output is used by Xcode 'outputs' to avoid re-running this script phase.\necho \"SUCCESS\" > \"${SCRIPT_OUTPUT_FILE_0}\"\n";
			showEnvVarsInLog = 0;
		};
		DE0E35ED205A8CDC00899822 /* Run SwiftLint */ = {
			isa = PBXShellScriptBuildPhase;
			buildActionMask = 2147483647;
			files = (
			);
			inputPaths = (
			);
			name = "Run SwiftLint";
			outputPaths = (
			);
			runOnlyForDeploymentPostprocessing = 0;
			shellPath = /bin/sh;
			shellScript = "\"${PODS_ROOT}/SwiftLint/swiftlint\"";
		};
		E6DBFEFF11F94F3D26E22EA4 /* [CP] Copy Pods Resources */ = {
			isa = PBXShellScriptBuildPhase;
			buildActionMask = 2147483647;
			files = (
			);
			inputPaths = (
			);
			name = "[CP] Copy Pods Resources";
			outputPaths = (
			);
			runOnlyForDeploymentPostprocessing = 0;
			shellPath = /bin/sh;
			shellScript = "\"${SRCROOT}/Pods/Target Support Files/Pods-ios-test-interactive-world-1/Pods-ios-test-interactive-world-1-resources.sh\"\n";
			showEnvVarsInLog = 0;
		};
		E7C3E677A41E08BC60EDD4CE /* [CP] Embed Pods Frameworks */ = {
			isa = PBXShellScriptBuildPhase;
			buildActionMask = 2147483647;
			files = (
			);
			inputPaths = (
			);
			name = "[CP] Embed Pods Frameworks";
			outputPaths = (
			);
			runOnlyForDeploymentPostprocessing = 0;
			shellPath = /bin/sh;
			shellScript = "\"${SRCROOT}/Pods/Target Support Files/Pods-ios-test-interactive-world-1/Pods-ios-test-interactive-world-1-frameworks.sh\"\n";
			showEnvVarsInLog = 0;
		};
/* End PBXShellScriptBuildPhase section */

/* Begin PBXSourcesBuildPhase section */
		DE4ADC9E205A8A47006CA678 /* Sources */ = {
			isa = PBXSourcesBuildPhase;
			buildActionMask = 2147483647;
			files = (
				DE0E3609205A983400899822 /* Camera.swift in Sources */,
				DE0E35FD205A926E00899822 /* Harness.swift in Sources */,
				DE0E3601205A95E100899822 /* GestureInterface.swift in Sources */,
				DE4ADCBA205A8A97006CA678 /* MainViewController.swift in Sources */,
				DE0E3604205A95F400899822 /* Notifications.swift in Sources */,
				DE0E360B205A9BE400899822 /* Closures.swift in Sources */,
				DE0E35F8205A913D00899822 /* NodeHelpers.swift in Sources */,
				DE0E35F4205A90E400899822 /* Map.swift in Sources */,
				DE0E35FF205A92A200899822 /* Avatar.swift in Sources */,
				DE4ADCA6205A8A47006CA678 /* AppDelegate.swift in Sources */,
				DE0E3606205A960600899822 /* InputIntent.swift in Sources */,
				DE0E35F6205A912E00899822 /* Tile.swift in Sources */,
			);
			runOnlyForDeploymentPostprocessing = 0;
		};
/* End PBXSourcesBuildPhase section */

/* Begin PBXVariantGroup section */
		DE4ADCAE205A8A47006CA678 /* LaunchScreen.storyboard */ = {
			isa = PBXVariantGroup;
			children = (
				DE4ADCAF205A8A47006CA678 /* Base */,
			);
			name = LaunchScreen.storyboard;
			sourceTree = "<group>";
		};
/* End PBXVariantGroup section */

/* Begin XCBuildConfiguration section */
		DE4ADCB2205A8A47006CA678 /* Debug */ = {
			isa = XCBuildConfiguration;
			buildSettings = {
				ALWAYS_SEARCH_USER_PATHS = NO;
				CLANG_ANALYZER_NONNULL = YES;
				CLANG_ANALYZER_NUMBER_OBJECT_CONVERSION = YES_AGGRESSIVE;
				CLANG_CXX_LANGUAGE_STANDARD = "gnu++14";
				CLANG_CXX_LIBRARY = "libc++";
				CLANG_ENABLE_MODULES = YES;
				CLANG_ENABLE_OBJC_ARC = YES;
				CLANG_WARN_BLOCK_CAPTURE_AUTORELEASING = YES;
				CLANG_WARN_BOOL_CONVERSION = YES;
				CLANG_WARN_COMMA = YES;
				CLANG_WARN_CONSTANT_CONVERSION = YES;
				CLANG_WARN_DIRECT_OBJC_ISA_USAGE = YES_ERROR;
				CLANG_WARN_DOCUMENTATION_COMMENTS = YES;
				CLANG_WARN_EMPTY_BODY = YES;
				CLANG_WARN_ENUM_CONVERSION = YES;
				CLANG_WARN_INFINITE_RECURSION = YES;
				CLANG_WARN_INT_CONVERSION = YES;
				CLANG_WARN_NON_LITERAL_NULL_CONVERSION = YES;
				CLANG_WARN_OBJC_LITERAL_CONVERSION = YES;
				CLANG_WARN_OBJC_ROOT_CLASS = YES_ERROR;
				CLANG_WARN_RANGE_LOOP_ANALYSIS = YES;
				CLANG_WARN_STRICT_PROTOTYPES = YES;
				CLANG_WARN_SUSPICIOUS_MOVE = YES;
				CLANG_WARN_UNGUARDED_AVAILABILITY = YES_AGGRESSIVE;
				CLANG_WARN_UNREACHABLE_CODE = YES;
				CLANG_WARN__DUPLICATE_METHOD_MATCH = YES;
				CODE_SIGN_IDENTITY = "iPhone Developer";
				COPY_PHASE_STRIP = NO;
				DEBUG_INFORMATION_FORMAT = dwarf;
				ENABLE_STRICT_OBJC_MSGSEND = YES;
				ENABLE_TESTABILITY = YES;
				GCC_C_LANGUAGE_STANDARD = gnu11;
				GCC_DYNAMIC_NO_PIC = NO;
				GCC_NO_COMMON_BLOCKS = YES;
				GCC_OPTIMIZATION_LEVEL = 0;
				GCC_PREPROCESSOR_DEFINITIONS = (
					"DEBUG=1",
					"$(inherited)",
				);
				GCC_WARN_64_TO_32_BIT_CONVERSION = YES;
				GCC_WARN_ABOUT_RETURN_TYPE = YES_ERROR;
				GCC_WARN_UNDECLARED_SELECTOR = YES;
				GCC_WARN_UNINITIALIZED_AUTOS = YES_AGGRESSIVE;
				GCC_WARN_UNUSED_FUNCTION = YES;
				GCC_WARN_UNUSED_VARIABLE = YES;
				IPHONEOS_DEPLOYMENT_TARGET = 11.2;
				MTL_ENABLE_DEBUG_INFO = YES;
				ONLY_ACTIVE_ARCH = YES;
				SDKROOT = iphoneos;
				SWIFT_ACTIVE_COMPILATION_CONDITIONS = DEBUG;
				SWIFT_OPTIMIZATION_LEVEL = "-Onone";
			};
			name = Debug;
		};
		DE4ADCB3205A8A47006CA678 /* Release */ = {
			isa = XCBuildConfiguration;
			buildSettings = {
				ALWAYS_SEARCH_USER_PATHS = NO;
				CLANG_ANALYZER_NONNULL = YES;
				CLANG_ANALYZER_NUMBER_OBJECT_CONVERSION = YES_AGGRESSIVE;
				CLANG_CXX_LANGUAGE_STANDARD = "gnu++14";
				CLANG_CXX_LIBRARY = "libc++";
				CLANG_ENABLE_MODULES = YES;
				CLANG_ENABLE_OBJC_ARC = YES;
				CLANG_WARN_BLOCK_CAPTURE_AUTORELEASING = YES;
				CLANG_WARN_BOOL_CONVERSION = YES;
				CLANG_WARN_COMMA = YES;
				CLANG_WARN_CONSTANT_CONVERSION = YES;
				CLANG_WARN_DIRECT_OBJC_ISA_USAGE = YES_ERROR;
				CLANG_WARN_DOCUMENTATION_COMMENTS = YES;
				CLANG_WARN_EMPTY_BODY = YES;
				CLANG_WARN_ENUM_CONVERSION = YES;
				CLANG_WARN_INFINITE_RECURSION = YES;
				CLANG_WARN_INT_CONVERSION = YES;
				CLANG_WARN_NON_LITERAL_NULL_CONVERSION = YES;
				CLANG_WARN_OBJC_LITERAL_CONVERSION = YES;
				CLANG_WARN_OBJC_ROOT_CLASS = YES_ERROR;
				CLANG_WARN_RANGE_LOOP_ANALYSIS = YES;
				CLANG_WARN_STRICT_PROTOTYPES = YES;
				CLANG_WARN_SUSPICIOUS_MOVE = YES;
				CLANG_WARN_UNGUARDED_AVAILABILITY = YES_AGGRESSIVE;
				CLANG_WARN_UNREACHABLE_CODE = YES;
				CLANG_WARN__DUPLICATE_METHOD_MATCH = YES;
				CODE_SIGN_IDENTITY = "iPhone Developer";
				COPY_PHASE_STRIP = NO;
				DEBUG_INFORMATION_FORMAT = "dwarf-with-dsym";
				ENABLE_NS_ASSERTIONS = NO;
				ENABLE_STRICT_OBJC_MSGSEND = YES;
				GCC_C_LANGUAGE_STANDARD = gnu11;
				GCC_NO_COMMON_BLOCKS = YES;
				GCC_WARN_64_TO_32_BIT_CONVERSION = YES;
				GCC_WARN_ABOUT_RETURN_TYPE = YES_ERROR;
				GCC_WARN_UNDECLARED_SELECTOR = YES;
				GCC_WARN_UNINITIALIZED_AUTOS = YES_AGGRESSIVE;
				GCC_WARN_UNUSED_FUNCTION = YES;
				GCC_WARN_UNUSED_VARIABLE = YES;
				IPHONEOS_DEPLOYMENT_TARGET = 11.2;
				MTL_ENABLE_DEBUG_INFO = NO;
				SDKROOT = iphoneos;
				SWIFT_OPTIMIZATION_LEVEL = "-Owholemodule";
				VALIDATE_PRODUCT = YES;
			};
			name = Release;
		};
		DE4ADCB5205A8A47006CA678 /* Debug */ = {
			isa = XCBuildConfiguration;
			baseConfigurationReference = 1C7F34EEC75B516D505D4E52 /* Pods-ios-test-interactive-world-1.debug.xcconfig */;
			buildSettings = {
				ASSETCATALOG_COMPILER_APPICON_NAME = AppIcon;
				CODE_SIGN_STYLE = Automatic;
				DEVELOPMENT_TEAM = 5DY2MSCET8;
				INFOPLIST_FILE = "ios-test-interactive-world-1/Info.plist";
				LD_RUNPATH_SEARCH_PATHS = "$(inherited) @executable_path/Frameworks";
				PRODUCT_BUNDLE_IDENTIFIER = "com.louisfoster.ios-test-interactive-world-1";
				PRODUCT_NAME = "$(TARGET_NAME)";
				SWIFT_VERSION = 4.0;
				TARGETED_DEVICE_FAMILY = "1,2";
			};
			name = Debug;
		};
		DE4ADCB6205A8A47006CA678 /* Release */ = {
			isa = XCBuildConfiguration;
			baseConfigurationReference = D709F3F6A60BC570E0924B14 /* Pods-ios-test-interactive-world-1.release.xcconfig */;
			buildSettings = {
				ASSETCATALOG_COMPILER_APPICON_NAME = AppIcon;
				CODE_SIGN_STYLE = Automatic;
				DEVELOPMENT_TEAM = 5DY2MSCET8;
				INFOPLIST_FILE = "ios-test-interactive-world-1/Info.plist";
				LD_RUNPATH_SEARCH_PATHS = "$(inherited) @executable_path/Frameworks";
				PRODUCT_BUNDLE_IDENTIFIER = "com.louisfoster.ios-test-interactive-world-1";
				PRODUCT_NAME = "$(TARGET_NAME)";
				SWIFT_VERSION = 4.0;
				TARGETED_DEVICE_FAMILY = "1,2";
			};
			name = Release;
		};
/* End XCBuildConfiguration section */

/* Begin XCConfigurationList section */
		DE4ADC9D205A8A47006CA678 /* Build configuration list for PBXProject "ios-test-interactive-world-1" */ = {
			isa = XCConfigurationList;
			buildConfigurations = (
				DE4ADCB2205A8A47006CA678 /* Debug */,
				DE4ADCB3205A8A47006CA678 /* Release */,
			);
			defaultConfigurationIsVisible = 0;
			defaultConfigurationName = Release;
		};
		DE4ADCB4205A8A47006CA678 /* Build configuration list for PBXNativeTarget "ios-test-interactive-world-1" */ = {
			isa = XCConfigurationList;
			buildConfigurations = (
				DE4ADCB5205A8A47006CA678 /* Debug */,
				DE4ADCB6205A8A47006CA678 /* Release */,
			);
			defaultConfigurationIsVisible = 0;
			defaultConfigurationName = Release;
		};
/* End XCConfigurationList section */
	};
	rootObject = DE4ADC9A205A8A47006CA678 /* Project object */;
}
